// !$*UTF8*$!
{
	archiveVersion = 1;
	classes = {
	};
	objectVersion = 46;
	objects = {

/* Begin PBXBuildFile section */
		D6F9FF5B225B0C7B00015761 /* AppDelegate.swift in Sources */ = {isa = PBXBuildFile; fileRef = D6F9FF5A225B0C7B00015761 /* AppDelegate.swift */; };
		D6F9FF5D225B0C7B00015761 /* ViewController.swift in Sources */ = {isa = PBXBuildFile; fileRef = D6F9FF5C225B0C7B00015761 /* ViewController.swift */; };
		D6F9FF60225B0C7C00015761 /* Main.storyboard in Resources */ = {isa = PBXBuildFile; fileRef = D6F9FF5E225B0C7B00015761 /* Main.storyboard */; };
		D6F9FF62225B0C7C00015761 /* Assets.xcassets in Resources */ = {isa = PBXBuildFile; fileRef = D6F9FF61225B0C7C00015761 /* Assets.xcassets */; };
		D6F9FF65225B0C7C00015761 /* LaunchScreen.storyboard in Resources */ = {isa = PBXBuildFile; fileRef = D6F9FF63225B0C7C00015761 /* LaunchScreen.storyboard */; };
		D6F9FF70225B0C7C00015761 /* example_1Tests.swift in Sources */ = {isa = PBXBuildFile; fileRef = D6F9FF6F225B0C7C00015761 /* example_1Tests.swift */; };
		D6F9FF7B225B0C7C00015761 /* example_1UITests.swift in Sources */ = {isa = PBXBuildFile; fileRef = D6F9FF7A225B0C7C00015761 /* example_1UITests.swift */; };
/* End PBXBuildFile section */

/* Begin PBXContainerItemProxy section */
		D6F9FF6C225B0C7C00015761 /* PBXContainerItemProxy */ = {
			isa = PBXContainerItemProxy;
			containerPortal = D6F9FF4F225B0C7900015761 /* Project object */;
			proxyType = 1;
			remoteGlobalIDString = D6F9FF56225B0C7A00015761;
			remoteInfo = "example-1";
		};
		D6F9FF77225B0C7C00015761 /* PBXContainerItemProxy */ = {
			isa = PBXContainerItemProxy;
			containerPortal = D6F9FF4F225B0C7900015761 /* Project object */;
			proxyType = 1;
			remoteGlobalIDString = D6F9FF56225B0C7A00015761;
			remoteInfo = "example-1";
		};
/* End PBXContainerItemProxy section */

/* Begin PBXFileReference section */
		D6F9FF57225B0C7A00015761 /* example-1.app */ = {isa = PBXFileReference; explicitFileType = wrapper.application; includeInIndex = 0; path = "example-1.app"; sourceTree = BUILT_PRODUCTS_DIR; };
		D6F9FF5A225B0C7B00015761 /* AppDelegate.swift */ = {isa = PBXFileReference; lastKnownFileType = sourcecode.swift; path = AppDelegate.swift; sourceTree = "<group>"; };
		D6F9FF5C225B0C7B00015761 /* ViewController.swift */ = {isa = PBXFileReference; lastKnownFileType = sourcecode.swift; path = ViewController.swift; sourceTree = "<group>"; };
		D6F9FF5F225B0C7B00015761 /* Base */ = {isa = PBXFileReference; lastKnownFileType = file.storyboard; name = Base; path = Base.lproj/Main.storyboard; sourceTree = "<group>"; };
		D6F9FF61225B0C7C00015761 /* Assets.xcassets */ = {isa = PBXFileReference; lastKnownFileType = folder.assetcatalog; path = Assets.xcassets; sourceTree = "<group>"; };
		D6F9FF64225B0C7C00015761 /* Base */ = {isa = PBXFileReference; lastKnownFileType = file.storyboard; name = Base; path = Base.lproj/LaunchScreen.storyboard; sourceTree = "<group>"; };
		D6F9FF66225B0C7C00015761 /* Info.plist */ = {isa = PBXFileReference; lastKnownFileType = text.plist.xml; path = Info.plist; sourceTree = "<group>"; };
		D6F9FF6B225B0C7C00015761 /* example-1Tests.xctest */ = {isa = PBXFileReference; explicitFileType = wrapper.cfbundle; includeInIndex = 0; path = "example-1Tests.xctest"; sourceTree = BUILT_PRODUCTS_DIR; };
		D6F9FF6F225B0C7C00015761 /* example_1Tests.swift */ = {isa = PBXFileReference; lastKnownFileType = sourcecode.swift; path = example_1Tests.swift; sourceTree = "<group>"; };
		D6F9FF71225B0C7C00015761 /* Info.plist */ = {isa = PBXFileReference; lastKnownFileType = text.plist.xml; path = Info.plist; sourceTree = "<group>"; };
		D6F9FF76225B0C7C00015761 /* example-1UITests.xctest */ = {isa = PBXFileReference; explicitFileType = wrapper.cfbundle; includeInIndex = 0; path = "example-1UITests.xctest"; sourceTree = BUILT_PRODUCTS_DIR; };
		D6F9FF7A225B0C7C00015761 /* example_1UITests.swift */ = {isa = PBXFileReference; lastKnownFileType = sourcecode.swift; path = example_1UITests.swift; sourceTree = "<group>"; };
		D6F9FF7C225B0C7C00015761 /* Info.plist */ = {isa = PBXFileReference; lastKnownFileType = text.plist.xml; path = Info.plist; sourceTree = "<group>"; };
/* End PBXFileReference section */

/* Begin PBXFrameworksBuildPhase section */
		D6F9FF54225B0C7A00015761 /* Frameworks */ = {
			isa = PBXFrameworksBuildPhase;
			buildActionMask = 2147483647;
			files = (
			);
			runOnlyForDeploymentPostprocessing = 0;
		};
		D6F9FF68225B0C7C00015761 /* Frameworks */ = {
			isa = PBXFrameworksBuildPhase;
			buildActionMask = 2147483647;
			files = (
			);
			runOnlyForDeploymentPostprocessing = 0;
		};
		D6F9FF73225B0C7C00015761 /* Frameworks */ = {
			isa = PBXFrameworksBuildPhase;
			buildActionMask = 2147483647;
			files = (
			);
			runOnlyForDeploymentPostprocessing = 0;
		};
/* End PBXFrameworksBuildPhase section */

/* Begin PBXGroup section */
		D6F9FF4E225B0C7800015761 = {
			isa = PBXGroup;
			children = (
				D6F9FF59225B0C7A00015761 /* example-1 */,
				D6F9FF6E225B0C7C00015761 /* example-1Tests */,
				D6F9FF79225B0C7C00015761 /* example-1UITests */,
				D6F9FF58225B0C7A00015761 /* Products */,
			);
			sourceTree = "<group>";
		};
		D6F9FF58225B0C7A00015761 /* Products */ = {
			isa = PBXGroup;
			children = (
				D6F9FF57225B0C7A00015761 /* example-1.app */,
				D6F9FF6B225B0C7C00015761 /* example-1Tests.xctest */,
				D6F9FF76225B0C7C00015761 /* example-1UITests.xctest */,
			);
			name = Products;
			sourceTree = "<group>";
		};
		D6F9FF59225B0C7A00015761 /* example-1 */ = {
			isa = PBXGroup;
			children = (
				D6F9FF5A225B0C7B00015761 /* AppDelegate.swift */,
				D6F9FF5C225B0C7B00015761 /* ViewController.swift */,
				D6F9FF5E225B0C7B00015761 /* Main.storyboard */,
				D6F9FF61225B0C7C00015761 /* Assets.xcassets */,
				D6F9FF63225B0C7C00015761 /* LaunchScreen.storyboard */,
				D6F9FF66225B0C7C00015761 /* Info.plist */,
			);
			path = "example-1";
			sourceTree = "<group>";
		};
		D6F9FF6E225B0C7C00015761 /* example-1Tests */ = {
			isa = PBXGroup;
			children = (
				D6F9FF6F225B0C7C00015761 /* example_1Tests.swift */,
				D6F9FF71225B0C7C00015761 /* Info.plist */,
			);
			path = "example-1Tests";
			sourceTree = "<group>";
		};
		D6F9FF79225B0C7C00015761 /* example-1UITests */ = {
			isa = PBXGroup;
			children = (
				D6F9FF7A225B0C7C00015761 /* example_1UITests.swift */,
				D6F9FF7C225B0C7C00015761 /* Info.plist */,
			);
			path = "example-1UITests";
			sourceTree = "<group>";
		};
/* End PBXGroup section */

/* Begin PBXNativeTarget section */
		D6F9FF56225B0C7A00015761 /* example-1 */ = {
			isa = PBXNativeTarget;
			buildConfigurationList = D6F9FF7F225B0C7C00015761 /* Build configuration list for PBXNativeTarget "example-1" */;
			buildPhases = (
				D6F9FF53225B0C7A00015761 /* Sources */,
				D6F9FF54225B0C7A00015761 /* Frameworks */,
				D6F9FF55225B0C7A00015761 /* Resources */,
			);
			buildRules = (
			);
			dependencies = (
			);
			name = "example-1";
			productName = "example-1";
			productReference = D6F9FF57225B0C7A00015761 /* example-1.app */;
			productType = "com.apple.product-type.application";
		};
		D6F9FF6A225B0C7C00015761 /* example-1Tests */ = {
			isa = PBXNativeTarget;
			buildConfigurationList = D6F9FF82225B0C7C00015761 /* Build configuration list for PBXNativeTarget "example-1Tests" */;
			buildPhases = (
				D6F9FF67225B0C7C00015761 /* Sources */,
				D6F9FF68225B0C7C00015761 /* Frameworks */,
				D6F9FF69225B0C7C00015761 /* Resources */,
			);
			buildRules = (
			);
			dependencies = (
				D6F9FF6D225B0C7C00015761 /* PBXTargetDependency */,
			);
			name = "example-1Tests";
			productName = "example-1Tests";
			productReference = D6F9FF6B225B0C7C00015761 /* example-1Tests.xctest */;
			productType = "com.apple.product-type.bundle.unit-test";
		};
		D6F9FF75225B0C7C00015761 /* example-1UITests */ = {
			isa = PBXNativeTarget;
			buildConfigurationList = D6F9FF85225B0C7C00015761 /* Build configuration list for PBXNativeTarget "example-1UITests" */;
			buildPhases = (
				D6F9FF72225B0C7C00015761 /* Sources */,
				D6F9FF73225B0C7C00015761 /* Frameworks */,
				D6F9FF74225B0C7C00015761 /* Resources */,
			);
			buildRules = (
			);
			dependencies = (
				D6F9FF78225B0C7C00015761 /* PBXTargetDependency */,
			);
			name = "example-1UITests";
			productName = "example-1UITests";
			productReference = D6F9FF76225B0C7C00015761 /* example-1UITests.xctest */;
			productType = "com.apple.product-type.bundle.ui-testing";
		};
/* End PBXNativeTarget section */

/* Begin PBXProject section */
		D6F9FF4F225B0C7900015761 /* Project object */ = {
			isa = PBXProject;
			attributes = {
				LastSwiftUpdateCheck = 0830;
				LastUpgradeCheck = 0830;
				ORGANIZATIONNAME = "John Khbeis";
				TargetAttributes = {
					D6F9FF56225B0C7A00015761 = {
						CreatedOnToolsVersion = 8.3;
						DevelopmentTeam = RUAL2UAK72;
						ProvisioningStyle = Automatic;
					};
					D6F9FF6A225B0C7C00015761 = {
						CreatedOnToolsVersion = 8.3;
						DevelopmentTeam = RUAL2UAK72;
						ProvisioningStyle = Automatic;
						TestTargetID = D6F9FF56225B0C7A00015761;
					};
					D6F9FF75225B0C7C00015761 = {
						CreatedOnToolsVersion = 8.3;
						DevelopmentTeam = RUAL2UAK72;
						ProvisioningStyle = Automatic;
						TestTargetID = D6F9FF56225B0C7A00015761;
					};
				};
			};
			buildConfigurationList = D6F9FF52225B0C7900015761 /* Build configuration list for PBXProject "example-1" */;
			compatibilityVersion = "Xcode 3.2";
			developmentRegion = English;
			hasScannedForEncodings = 0;
			knownRegions = (
				en,
				Base,
			);
			mainGroup = D6F9FF4E225B0C7800015761;
			productRefGroup = D6F9FF58225B0C7A00015761 /* Products */;
			projectDirPath = "";
			projectRoot = "";
			targets = (
				D6F9FF56225B0C7A00015761 /* example-1 */,
				D6F9FF6A225B0C7C00015761 /* example-1Tests */,
				D6F9FF75225B0C7C00015761 /* example-1UITests */,
			);
		};
/* End PBXProject section */

/* Begin PBXResourcesBuildPhase section */
		D6F9FF55225B0C7A00015761 /* Resources */ = {
			isa = PBXResourcesBuildPhase;
			buildActionMask = 2147483647;
			files = (
				D6F9FF65225B0C7C00015761 /* LaunchScreen.storyboard in Resources */,
				D6F9FF62225B0C7C00015761 /* Assets.xcassets in Resources */,
				D6F9FF60225B0C7C00015761 /* Main.storyboard in Resources */,
			);
			runOnlyForDeploymentPostprocessing = 0;
		};
		D6F9FF69225B0C7C00015761 /* Resources */ = {
			isa = PBXResourcesBuildPhase;
			buildActionMask = 2147483647;
			files = (
			);
			runOnlyForDeploymentPostprocessing = 0;
		};
		D6F9FF74225B0C7C00015761 /* Resources */ = {
			isa = PBXResourcesBuildPhase;
			buildActionMask = 2147483647;
			files = (
			);
			runOnlyForDeploymentPostprocessing = 0;
		};
/* End PBXResourcesBuildPhase section */

/* Begin PBXSourcesBuildPhase section */
		D6F9FF53225B0C7A00015761 /* Sources */ = {
			isa = PBXSourcesBuildPhase;
			buildActionMask = 2147483647;
			files = (
				D6F9FF5D225B0C7B00015761 /* ViewController.swift in Sources */,
				D6F9FF5B225B0C7B00015761 /* AppDelegate.swift in Sources */,
			);
			runOnlyForDeploymentPostprocessing = 0;
		};
		D6F9FF67225B0C7C00015761 /* Sources */ = {
			isa = PBXSourcesBuildPhase;
			buildActionMask = 2147483647;
			files = (
				D6F9FF70225B0C7C00015761 /* example_1Tests.swift in Sources */,
			);
			runOnlyForDeploymentPostprocessing = 0;
		};
		D6F9FF72225B0C7C00015761 /* Sources */ = {
			isa = PBXSourcesBuildPhase;
			buildActionMask = 2147483647;
			files = (
				D6F9FF7B225B0C7C00015761 /* example_1UITests.swift in Sources */,
			);
			runOnlyForDeploymentPostprocessing = 0;
		};
/* End PBXSourcesBuildPhase section */

/* Begin PBXTargetDependency section */
		D6F9FF6D225B0C7C00015761 /* PBXTargetDependency */ = {
			isa = PBXTargetDependency;
			target = D6F9FF56225B0C7A00015761 /* example-1 */;
			targetProxy = D6F9FF6C225B0C7C00015761 /* PBXContainerItemProxy */;
		};
		D6F9FF78225B0C7C00015761 /* PBXTargetDependency */ = {
			isa = PBXTargetDependency;
			target = D6F9FF56225B0C7A00015761 /* example-1 */;
			targetProxy = D6F9FF77225B0C7C00015761 /* PBXContainerItemProxy */;
		};
/* End PBXTargetDependency section */

/* Begin PBXVariantGroup section */
		D6F9FF5E225B0C7B00015761 /* Main.storyboard */ = {
			isa = PBXVariantGroup;
			children = (
				D6F9FF5F225B0C7B00015761 /* Base */,
			);
			name = Main.storyboard;
			sourceTree = "<group>";
		};
		D6F9FF63225B0C7C00015761 /* LaunchScreen.storyboard */ = {
			isa = PBXVariantGroup;
			children = (
				D6F9FF64225B0C7C00015761 /* Base */,
			);
			name = LaunchScreen.storyboard;
			sourceTree = "<group>";
		};
/* End PBXVariantGroup section */

/* Begin XCBuildConfiguration section */
		D6F9FF7D225B0C7C00015761 /* Debug */ = {
			isa = XCBuildConfiguration;
			buildSettings = {
				ALWAYS_SEARCH_USER_PATHS = NO;
				CLANG_ANALYZER_NONNULL = YES;
				CLANG_ANALYZER_NUMBER_OBJECT_CONVERSION = YES_AGGRESSIVE;
				CLANG_CXX_LANGUAGE_STANDARD = "gnu++0x";
				CLANG_CXX_LIBRARY = "libc++";
				CLANG_ENABLE_MODULES = YES;
				CLANG_ENABLE_OBJC_ARC = YES;
				CLANG_WARN_BOOL_CONVERSION = YES;
				CLANG_WARN_CONSTANT_CONVERSION = YES;
				CLANG_WARN_DIRECT_OBJC_ISA_USAGE = YES_ERROR;
				CLANG_WARN_DOCUMENTATION_COMMENTS = YES;
				CLANG_WARN_EMPTY_BODY = YES;
				CLANG_WARN_ENUM_CONVERSION = YES;
				CLANG_WARN_INFINITE_RECURSION = YES;
				CLANG_WARN_INT_CONVERSION = YES;
				CLANG_WARN_OBJC_ROOT_CLASS = YES_ERROR;
				CLANG_WARN_SUSPICIOUS_MOVE = YES;
				CLANG_WARN_UNREACHABLE_CODE = YES;
				CLANG_WARN__DUPLICATE_METHOD_MATCH = YES;
				"CODE_SIGN_IDENTITY[sdk=iphoneos*]" = "iPhone Developer";
				COPY_PHASE_STRIP = NO;
				DEBUG_INFORMATION_FORMAT = dwarf;
				ENABLE_STRICT_OBJC_MSGSEND = YES;
				ENABLE_TESTABILITY = YES;
				GCC_C_LANGUAGE_STANDARD = gnu99;
				GCC_DYNAMIC_NO_PIC = NO;
				GCC_NO_COMMON_BLOCKS = YES;
				GCC_OPTIMIZATION_LEVEL = 0;
				GCC_PREPROCESSOR_DEFINITIONS = (
					"DEBUG=1",
					"$(inherited)",
				);
				GCC_WARN_64_TO_32_BIT_CONVERSION = YES;
				GCC_WARN_ABOUT_RETURN_TYPE = YES_ERROR;
				GCC_WARN_UNDECLARED_SELECTOR = YES;
				GCC_WARN_UNINITIALIZED_AUTOS = YES_AGGRESSIVE;
				GCC_WARN_UNUSED_FUNCTION = YES;
				GCC_WARN_UNUSED_VARIABLE = YES;
				IPHONEOS_DEPLOYMENT_TARGET = 10.3;
				MTL_ENABLE_DEBUG_INFO = YES;
				ONLY_ACTIVE_ARCH = YES;
				SDKROOT = iphoneos;
				SWIFT_ACTIVE_COMPILATION_CONDITIONS = DEBUG;
				SWIFT_OPTIMIZATION_LEVEL = "-Onone";
				TARGETED_DEVICE_FAMILY = "1,2";
			};
			name = Debug;
		};
		D6F9FF7E225B0C7C00015761 /* Release */ = {
			isa = XCBuildConfiguration;
			buildSettings = {
				ALWAYS_SEARCH_USER_PATHS = NO;
				CLANG_ANALYZER_NONNULL = YES;
				CLANG_ANALYZER_NUMBER_OBJECT_CONVERSION = YES_AGGRESSIVE;
				CLANG_CXX_LANGUAGE_STANDARD = "gnu++0x";
				CLANG_CXX_LIBRARY = "libc++";
				CLANG_ENABLE_MODULES = YES;
				CLANG_ENABLE_OBJC_ARC = YES;
				CLANG_WARN_BOOL_CONVERSION = YES;
				CLANG_WARN_CONSTANT_CONVERSION = YES;
				CLANG_WARN_DIRECT_OBJC_ISA_USAGE = YES_ERROR;
				CLANG_WARN_DOCUMENTATION_COMMENTS = YES;
				CLANG_WARN_EMPTY_BODY = YES;
				CLANG_WARN_ENUM_CONVERSION = YES;
				CLANG_WARN_INFINITE_RECURSION = YES;
				CLANG_WARN_INT_CONVERSION = YES;
				CLANG_WARN_OBJC_ROOT_CLASS = YES_ERROR;
				CLANG_WARN_SUSPICIOUS_MOVE = YES;
				CLANG_WARN_UNREACHABLE_CODE = YES;
				CLANG_WARN__DUPLICATE_METHOD_MATCH = YES;
				"CODE_SIGN_IDENTITY[sdk=iphoneos*]" = "iPhone Developer";
				COPY_PHASE_STRIP = NO;
				DEBUG_INFORMATION_FORMAT = "dwarf-with-dsym";
				ENABLE_NS_ASSERTIONS = NO;
				ENABLE_STRICT_OBJC_MSGSEND = YES;
				GCC_C_LANGUAGE_STANDARD = gnu99;
				GCC_NO_COMMON_BLOCKS = YES;
				GCC_WARN_64_TO_32_BIT_CONVERSION = YES;
				GCC_WARN_ABOUT_RETURN_TYPE = YES_ERROR;
				GCC_WARN_UNDECLARED_SELECTOR = YES;
				GCC_WARN_UNINITIALIZED_AUTOS = YES_AGGRESSIVE;
				GCC_WARN_UNUSED_FUNCTION = YES;
				GCC_WARN_UNUSED_VARIABLE = YES;
				IPHONEOS_DEPLOYMENT_TARGET = 10.3;
				MTL_ENABLE_DEBUG_INFO = NO;
				SDKROOT = iphoneos;
				SWIFT_OPTIMIZATION_LEVEL = "-Owholemodule";
				TARGETED_DEVICE_FAMILY = "1,2";
				VALIDATE_PRODUCT = YES;
			};
			name = Release;
		};
		D6F9FF80225B0C7C00015761 /* Debug */ = {
			isa = XCBuildConfiguration;
			buildSettings = {
				ASSETCATALOG_COMPILER_APPICON_NAME = AppIcon;
				DEVELOPMENT_TEAM = RUAL2UAK72;
				INFOPLIST_FILE = "example-1/Info.plist";
				LD_RUNPATH_SEARCH_PATHS = "$(inherited) @executable_path/Frameworks";
				PRODUCT_BUNDLE_IDENTIFIER = "com.example-1.app.example-1";
				PRODUCT_NAME = "$(TARGET_NAME)";
				SWIFT_VERSION = 3.0;
			};
			name = Debug;
		};
		D6F9FF81225B0C7C00015761 /* Release */ = {
			isa = XCBuildConfiguration;
			buildSettings = {
				ASSETCATALOG_COMPILER_APPICON_NAME = AppIcon;
				DEVELOPMENT_TEAM = RUAL2UAK72;
				INFOPLIST_FILE = "example-1/Info.plist";
				LD_RUNPATH_SEARCH_PATHS = "$(inherited) @executable_path/Frameworks";
				PRODUCT_BUNDLE_IDENTIFIER = "com.example-1.app.example-1";
				PRODUCT_NAME = "$(TARGET_NAME)";
				SWIFT_VERSION = 3.0;
			};
			name = Release;
		};
		D6F9FF83225B0C7C00015761 /* Debug */ = {
			isa = XCBuildConfiguration;
			buildSettings = {
				ALWAYS_EMBED_SWIFT_STANDARD_LIBRARIES = YES;
				BUNDLE_LOADER = "$(TEST_HOST)";
				DEVELOPMENT_TEAM = RUAL2UAK72;
				INFOPLIST_FILE = "example-1Tests/Info.plist";
				LD_RUNPATH_SEARCH_PATHS = "$(inherited) @executable_path/Frameworks @loader_path/Frameworks";
				PRODUCT_BUNDLE_IDENTIFIER = "com.example-1.app.example-1Tests";
				PRODUCT_NAME = "$(TARGET_NAME)";
				SWIFT_VERSION = 3.0;
				TEST_HOST = "$(BUILT_PRODUCTS_DIR)/example-1.app/example-1";
			};
			name = Debug;
		};
		D6F9FF84225B0C7C00015761 /* Release */ = {
			isa = XCBuildConfiguration;
			buildSettings = {
				ALWAYS_EMBED_SWIFT_STANDARD_LIBRARIES = YES;
				BUNDLE_LOADER = "$(TEST_HOST)";
				DEVELOPMENT_TEAM = RUAL2UAK72;
				INFOPLIST_FILE = "example-1Tests/Info.plist";
				LD_RUNPATH_SEARCH_PATHS = "$(inherited) @executable_path/Frameworks @loader_path/Frameworks";
				PRODUCT_BUNDLE_IDENTIFIER = "com.example-1.app.example-1Tests";
				PRODUCT_NAME = "$(TARGET_NAME)";
				SWIFT_VERSION = 3.0;
				TEST_HOST = "$(BUILT_PRODUCTS_DIR)/example-1.app/example-1";
			};
			name = Release;
		};
		D6F9FF86225B0C7C00015761 /* Debug */ = {
			isa = XCBuildConfiguration;
			buildSettings = {
				ALWAYS_EMBED_SWIFT_STANDARD_LIBRARIES = YES;
				DEVELOPMENT_TEAM = RUAL2UAK72;
				INFOPLIST_FILE = "example-1UITests/Info.plist";
				LD_RUNPATH_SEARCH_PATHS = "$(inherited) @executable_path/Frameworks @loader_path/Frameworks";
				PRODUCT_BUNDLE_IDENTIFIER = "com.example-1.app.example-1UITests";
				PRODUCT_NAME = "$(TARGET_NAME)";
				SWIFT_VERSION = 3.0;
				TEST_TARGET_NAME = "example-1";
			};
			name = Debug;
		};
		D6F9FF87225B0C7C00015761 /* Release */ = {
			isa = XCBuildConfiguration;
			buildSettings = {
				ALWAYS_EMBED_SWIFT_STANDARD_LIBRARIES = YES;
				DEVELOPMENT_TEAM = RUAL2UAK72;
				INFOPLIST_FILE = "example-1UITests/Info.plist";
				LD_RUNPATH_SEARCH_PATHS = "$(inherited) @executable_path/Frameworks @loader_path/Frameworks";
				PRODUCT_BUNDLE_IDENTIFIER = "com.example-1.app.example-1UITests";
				PRODUCT_NAME = "$(TARGET_NAME)";
				SWIFT_VERSION = 3.0;
				TEST_TARGET_NAME = "example-1";
			};
			name = Release;
		};
/* End XCBuildConfiguration section */

/* Begin XCConfigurationList section */
		D6F9FF52225B0C7900015761 /* Build configuration list for PBXProject "example-1" */ = {
			isa = XCConfigurationList;
			buildConfigurations = (
				D6F9FF7D225B0C7C00015761 /* Debug */,
				D6F9FF7E225B0C7C00015761 /* Release */,
			);
			defaultConfigurationIsVisible = 0;
			defaultConfigurationName = Release;
		};
		D6F9FF7F225B0C7C00015761 /* Build configuration list for PBXNativeTarget "example-1" */ = {
			isa = XCConfigurationList;
			buildConfigurations = (
				D6F9FF80225B0C7C00015761 /* Debug */,
				D6F9FF81225B0C7C00015761 /* Release */,
			);
			defaultConfigurationIsVisible = 0;
		};
		D6F9FF82225B0C7C00015761 /* Build configuration list for PBXNativeTarget "example-1Tests" */ = {
			isa = XCConfigurationList;
			buildConfigurations = (
				D6F9FF83225B0C7C00015761 /* Debug */,
				D6F9FF84225B0C7C00015761 /* Release */,
			);
			defaultConfigurationIsVisible = 0;
		};
		D6F9FF85225B0C7C00015761 /* Build configuration list for PBXNativeTarget "example-1UITests" */ = {
			isa = XCConfigurationList;
			buildConfigurations = (
				D6F9FF86225B0C7C00015761 /* Debug */,
				D6F9FF87225B0C7C00015761 /* Release */,
			);
			defaultConfigurationIsVisible = 0;
		};
/* End XCConfigurationList section */
	};
	rootObject = D6F9FF4F225B0C7900015761 /* Project object */;
}
